
Microsoft Visual Studio Solution File, Format Version 12.00
# Visual Studio 15
VisualStudioVersion = 15.0.28307.106
MinimumVisualStudioVersion = 10.0.40219.1
Project("{8BC9CEB8-8B4A-11D0-8D11-00A0C91BC942}") = "Razrabotka_PP", "Razrabotka_PP\Razrabotka_PP.vcxproj", "{AE7113AC-2A10-47F8-B566-F37CC62F8AA8}"
EndProject
Global
	GlobalSection(SolutionConfigurationPlatforms) = preSolution
		Debug|x64 = Debug|x64
		Debug|x86 = Debug|x86
		Release|x64 = Release|x64
		Release|x86 = Release|x86
	EndGlobalSection
	GlobalSection(ProjectConfigurationPlatforms) = postSolution
		{AE7113AC-2A10-47F8-B566-F37CC62F8AA8}.Debug|x64.ActiveCfg = Debug|x64
		{AE7113AC-2A10-47F8-B566-F37CC62F8AA8}.Debug|x64.Build.0 = Debug|x64
		{AE7113AC-2A10-47F8-B566-F37CC62F8AA8}.Debug|x86.ActiveCfg = Debug|Win32
		{AE7113AC-2A10-47F8-B566-F37CC62F8AA8}.Debug|x86.Build.0 = Debug|Win32
		{AE7113AC-2A10-47F8-B566-F37CC62F8AA8}.Release|x64.ActiveCfg = Release|x64
		{AE7113AC-2A10-47F8-B566-F37CC62F8AA8}.Release|x64.Build.0 = Release|x64
		{AE7113AC-2A10-47F8-B566-F37CC62F8AA8}.Release|x86.ActiveCfg = Release|Win32
		{AE7113AC-2A10-47F8-B566-F37CC62F8AA8}.Release|x86.Build.0 = Release|Win32
	EndGlobalSection
	GlobalSection(SolutionProperties) = preSolution
		HideSolutionNode = FALSE
	EndGlobalSection
	GlobalSection(ExtensibilityGlobals) = postSolution
		SolutionGuid = {0469DB1F-1F03-49F3-A184-C69F8C90FB94}
	EndGlobalSection
EndGlobal
